// !$*UTF8*$!
{
	archiveVersion = 1;
	classes = {
	};
	objectVersion = 46;
	objects = {

/* Begin PBXBuildFile section */
		A3A1C5901EEC4D1200CEA687 /* AppDelegate.swift in Sources */ = {isa = PBXBuildFile; fileRef = A3A1C58F1EEC4D1200CEA687 /* AppDelegate.swift */; };
		A3A1C5921EEC4D1200CEA687 /* ViewController.swift in Sources */ = {isa = PBXBuildFile; fileRef = A3A1C5911EEC4D1200CEA687 /* ViewController.swift */; };
		A3A1C5951EEC4D1200CEA687 /* Main.storyboard in Resources */ = {isa = PBXBuildFile; fileRef = A3A1C5931EEC4D1200CEA687 /* Main.storyboard */; };
		A3A1C5971EEC4D1200CEA687 /* Assets.xcassets in Resources */ = {isa = PBXBuildFile; fileRef = A3A1C5961EEC4D1200CEA687 /* Assets.xcassets */; };
		A3A1C59A1EEC4D1200CEA687 /* LaunchScreen.storyboard in Resources */ = {isa = PBXBuildFile; fileRef = A3A1C5981EEC4D1200CEA687 /* LaunchScreen.storyboard */; };
		A3A1C5A51EEC4D1200CEA687 /* TabViewTestingTests.swift in Sources */ = {isa = PBXBuildFile; fileRef = A3A1C5A41EEC4D1200CEA687 /* TabViewTestingTests.swift */; };
		A3A1C5B01EEC4D1200CEA687 /* TabViewTestingUITests.swift in Sources */ = {isa = PBXBuildFile; fileRef = A3A1C5AF1EEC4D1200CEA687 /* TabViewTestingUITests.swift */; };
/* End PBXBuildFile section */

/* Begin PBXContainerItemProxy section */
		A3A1C5A11EEC4D1200CEA687 /* PBXContainerItemProxy */ = {
			isa = PBXContainerItemProxy;
			containerPortal = A3A1C5841EEC4D1200CEA687 /* Project object */;
			proxyType = 1;
			remoteGlobalIDString = A3A1C58B1EEC4D1200CEA687;
			remoteInfo = TabViewTesting;
		};
		A3A1C5AC1EEC4D1200CEA687 /* PBXContainerItemProxy */ = {
			isa = PBXContainerItemProxy;
			containerPortal = A3A1C5841EEC4D1200CEA687 /* Project object */;
			proxyType = 1;
			remoteGlobalIDString = A3A1C58B1EEC4D1200CEA687;
			remoteInfo = TabViewTesting;
		};
/* End PBXContainerItemProxy section */

/* Begin PBXFileReference section */
		A3A1C58C1EEC4D1200CEA687 /* TabViewTesting.app */ = {isa = PBXFileReference; explicitFileType = wrapper.application; includeInIndex = 0; path = TabViewTesting.app; sourceTree = BUILT_PRODUCTS_DIR; };
		A3A1C58F1EEC4D1200CEA687 /* AppDelegate.swift */ = {isa = PBXFileReference; lastKnownFileType = sourcecode.swift; path = AppDelegate.swift; sourceTree = "<group>"; };
		A3A1C5911EEC4D1200CEA687 /* ViewController.swift */ = {isa = PBXFileReference; lastKnownFileType = sourcecode.swift; path = ViewController.swift; sourceTree = "<group>"; };
		A3A1C5941EEC4D1200CEA687 /* Base */ = {isa = PBXFileReference; lastKnownFileType = file.storyboard; name = Base; path = Base.lproj/Main.storyboard; sourceTree = "<group>"; };
		A3A1C5961EEC4D1200CEA687 /* Assets.xcassets */ = {isa = PBXFileReference; lastKnownFileType = folder.assetcatalog; path = Assets.xcassets; sourceTree = "<group>"; };
		A3A1C5991EEC4D1200CEA687 /* Base */ = {isa = PBXFileReference; lastKnownFileType = file.storyboard; name = Base; path = Base.lproj/LaunchScreen.storyboard; sourceTree = "<group>"; };
		A3A1C59B1EEC4D1200CEA687 /* Info.plist */ = {isa = PBXFileReference; lastKnownFileType = text.plist.xml; path = Info.plist; sourceTree = "<group>"; };
		A3A1C5A01EEC4D1200CEA687 /* TabViewTestingTests.xctest */ = {isa = PBXFileReference; explicitFileType = wrapper.cfbundle; includeInIndex = 0; path = TabViewTestingTests.xctest; sourceTree = BUILT_PRODUCTS_DIR; };
		A3A1C5A41EEC4D1200CEA687 /* TabViewTestingTests.swift */ = {isa = PBXFileReference; lastKnownFileType = sourcecode.swift; path = TabViewTestingTests.swift; sourceTree = "<group>"; };
		A3A1C5A61EEC4D1200CEA687 /* Info.plist */ = {isa = PBXFileReference; lastKnownFileType = text.plist.xml; path = Info.plist; sourceTree = "<group>"; };
		A3A1C5AB1EEC4D1200CEA687 /* TabViewTestingUITests.xctest */ = {isa = PBXFileReference; explicitFileType = wrapper.cfbundle; includeInIndex = 0; path = TabViewTestingUITests.xctest; sourceTree = BUILT_PRODUCTS_DIR; };
		A3A1C5AF1EEC4D1200CEA687 /* TabViewTestingUITests.swift */ = {isa = PBXFileReference; lastKnownFileType = sourcecode.swift; path = TabViewTestingUITests.swift; sourceTree = "<group>"; };
		A3A1C5B11EEC4D1200CEA687 /* Info.plist */ = {isa = PBXFileReference; lastKnownFileType = text.plist.xml; path = Info.plist; sourceTree = "<group>"; };
/* End PBXFileReference section */

/* Begin PBXFrameworksBuildPhase section */
		A3A1C5891EEC4D1200CEA687 /* Frameworks */ = {
			isa = PBXFrameworksBuildPhase;
			buildActionMask = 2147483647;
			files = (
			);
			runOnlyForDeploymentPostprocessing = 0;
		};
		A3A1C59D1EEC4D1200CEA687 /* Frameworks */ = {
			isa = PBXFrameworksBuildPhase;
			buildActionMask = 2147483647;
			files = (
			);
			runOnlyForDeploymentPostprocessing = 0;
		};
		A3A1C5A81EEC4D1200CEA687 /* Frameworks */ = {
			isa = PBXFrameworksBuildPhase;
			buildActionMask = 2147483647;
			files = (
			);
			runOnlyForDeploymentPostprocessing = 0;
		};
/* End PBXFrameworksBuildPhase section */

/* Begin PBXGroup section */
		A3A1C5831EEC4D1200CEA687 = {
			isa = PBXGroup;
			children = (
				A3A1C58E1EEC4D1200CEA687 /* TabViewTesting */,
				A3A1C5A31EEC4D1200CEA687 /* TabViewTestingTests */,
				A3A1C5AE1EEC4D1200CEA687 /* TabViewTestingUITests */,
				A3A1C58D1EEC4D1200CEA687 /* Products */,
			);
			sourceTree = "<group>";
		};
		A3A1C58D1EEC4D1200CEA687 /* Products */ = {
			isa = PBXGroup;
			children = (
				A3A1C58C1EEC4D1200CEA687 /* TabViewTesting.app */,
				A3A1C5A01EEC4D1200CEA687 /* TabViewTestingTests.xctest */,
				A3A1C5AB1EEC4D1200CEA687 /* TabViewTestingUITests.xctest */,
			);
			name = Products;
			sourceTree = "<group>";
		};
		A3A1C58E1EEC4D1200CEA687 /* TabViewTesting */ = {
			isa = PBXGroup;
			children = (
				A3A1C58F1EEC4D1200CEA687 /* AppDelegate.swift */,
				A3A1C5911EEC4D1200CEA687 /* ViewController.swift */,
				A3A1C5931EEC4D1200CEA687 /* Main.storyboard */,
				A3A1C5961EEC4D1200CEA687 /* Assets.xcassets */,
				A3A1C5981EEC4D1200CEA687 /* LaunchScreen.storyboard */,
				A3A1C59B1EEC4D1200CEA687 /* Info.plist */,
			);
			path = TabViewTesting;
			sourceTree = "<group>";
		};
		A3A1C5A31EEC4D1200CEA687 /* TabViewTestingTests */ = {
			isa = PBXGroup;
			children = (
				A3A1C5A41EEC4D1200CEA687 /* TabViewTestingTests.swift */,
				A3A1C5A61EEC4D1200CEA687 /* Info.plist */,
			);
			path = TabViewTestingTests;
			sourceTree = "<group>";
		};
		A3A1C5AE1EEC4D1200CEA687 /* TabViewTestingUITests */ = {
			isa = PBXGroup;
			children = (
				A3A1C5AF1EEC4D1200CEA687 /* TabViewTestingUITests.swift */,
				A3A1C5B11EEC4D1200CEA687 /* Info.plist */,
			);
			path = TabViewTestingUITests;
			sourceTree = "<group>";
		};
/* End PBXGroup section */

/* Begin PBXNativeTarget section */
		A3A1C58B1EEC4D1200CEA687 /* TabViewTesting */ = {
			isa = PBXNativeTarget;
			buildConfigurationList = A3A1C5B41EEC4D1200CEA687 /* Build configuration list for PBXNativeTarget "TabViewTesting" */;
			buildPhases = (
				A3A1C5881EEC4D1200CEA687 /* Sources */,
				A3A1C5891EEC4D1200CEA687 /* Frameworks */,
				A3A1C58A1EEC4D1200CEA687 /* Resources */,
			);
			buildRules = (
			);
			dependencies = (
			);
			name = TabViewTesting;
			productName = TabViewTesting;
			productReference = A3A1C58C1EEC4D1200CEA687 /* TabViewTesting.app */;
			productType = "com.apple.product-type.application";
		};
		A3A1C59F1EEC4D1200CEA687 /* TabViewTestingTests */ = {
			isa = PBXNativeTarget;
			buildConfigurationList = A3A1C5B71EEC4D1200CEA687 /* Build configuration list for PBXNativeTarget "TabViewTestingTests" */;
			buildPhases = (
				A3A1C59C1EEC4D1200CEA687 /* Sources */,
				A3A1C59D1EEC4D1200CEA687 /* Frameworks */,
				A3A1C59E1EEC4D1200CEA687 /* Resources */,
			);
			buildRules = (
			);
			dependencies = (
				A3A1C5A21EEC4D1200CEA687 /* PBXTargetDependency */,
			);
			name = TabViewTestingTests;
			productName = TabViewTestingTests;
			productReference = A3A1C5A01EEC4D1200CEA687 /* TabViewTestingTests.xctest */;
			productType = "com.apple.product-type.bundle.unit-test";
		};
		A3A1C5AA1EEC4D1200CEA687 /* TabViewTestingUITests */ = {
			isa = PBXNativeTarget;
			buildConfigurationList = A3A1C5BA1EEC4D1200CEA687 /* Build configuration list for PBXNativeTarget "TabViewTestingUITests" */;
			buildPhases = (
				A3A1C5A71EEC4D1200CEA687 /* Sources */,
				A3A1C5A81EEC4D1200CEA687 /* Frameworks */,
				A3A1C5A91EEC4D1200CEA687 /* Resources */,
			);
			buildRules = (
			);
			dependencies = (
				A3A1C5AD1EEC4D1200CEA687 /* PBXTargetDependency */,
			);
			name = TabViewTestingUITests;
			productName = TabViewTestingUITests;
			productReference = A3A1C5AB1EEC4D1200CEA687 /* TabViewTestingUITests.xctest */;
			productType = "com.apple.product-type.bundle.ui-testing";
		};
/* End PBXNativeTarget section */

/* Begin PBXProject section */
		A3A1C5841EEC4D1200CEA687 /* Project object */ = {
			isa = PBXProject;
			attributes = {
				LastSwiftUpdateCheck = 0830;
				LastUpgradeCheck = 0830;
				ORGANIZATIONNAME = "Jack Clark";
				TargetAttributes = {
					A3A1C58B1EEC4D1200CEA687 = {
						CreatedOnToolsVersion = 8.3.2;
						ProvisioningStyle = Automatic;
					};
					A3A1C59F1EEC4D1200CEA687 = {
						CreatedOnToolsVersion = 8.3.2;
						ProvisioningStyle = Automatic;
						TestTargetID = A3A1C58B1EEC4D1200CEA687;
					};
					A3A1C5AA1EEC4D1200CEA687 = {
						CreatedOnToolsVersion = 8.3.2;
						ProvisioningStyle = Automatic;
						TestTargetID = A3A1C58B1EEC4D1200CEA687;
					};
				};
			};
			buildConfigurationList = A3A1C5871EEC4D1200CEA687 /* Build configuration list for PBXProject "TabViewTesting" */;
			compatibilityVersion = "Xcode 3.2";
			developmentRegion = English;
			hasScannedForEncodings = 0;
			knownRegions = (
				en,
				Base,
			);
			mainGroup = A3A1C5831EEC4D1200CEA687;
			productRefGroup = A3A1C58D1EEC4D1200CEA687 /* Products */;
			projectDirPath = "";
			projectRoot = "";
			targets = (
				A3A1C58B1EEC4D1200CEA687 /* TabViewTesting */,
				A3A1C59F1EEC4D1200CEA687 /* TabViewTestingTests */,
				A3A1C5AA1EEC4D1200CEA687 /* TabViewTestingUITests */,
			);
		};
/* End PBXProject section */

/* Begin PBXResourcesBuildPhase section */
		A3A1C58A1EEC4D1200CEA687 /* Resources */ = {
			isa = PBXResourcesBuildPhase;
			buildActionMask = 2147483647;
			files = (
				A3A1C59A1EEC4D1200CEA687 /* LaunchScreen.storyboard in Resources */,
				A3A1C5971EEC4D1200CEA687 /* Assets.xcassets in Resources */,
				A3A1C5951EEC4D1200CEA687 /* Main.storyboard in Resources */,
			);
			runOnlyForDeploymentPostprocessing = 0;
		};
		A3A1C59E1EEC4D1200CEA687 /* Resources */ = {
			isa = PBXResourcesBuildPhase;
			buildActionMask = 2147483647;
			files = (
			);
			runOnlyForDeploymentPostprocessing = 0;
		};
		A3A1C5A91EEC4D1200CEA687 /* Resources */ = {
			isa = PBXResourcesBuildPhase;
			buildActionMask = 2147483647;
			files = (
			);
			runOnlyForDeploymentPostprocessing = 0;
		};
/* End PBXResourcesBuildPhase section */

/* Begin PBXSourcesBuildPhase section */
		A3A1C5881EEC4D1200CEA687 /* Sources */ = {
			isa = PBXSourcesBuildPhase;
			buildActionMask = 2147483647;
			files = (
				A3A1C5921EEC4D1200CEA687 /* ViewController.swift in Sources */,
				A3A1C5901EEC4D1200CEA687 /* AppDelegate.swift in Sources */,
			);
			runOnlyForDeploymentPostprocessing = 0;
		};
		A3A1C59C1EEC4D1200CEA687 /* Sources */ = {
			isa = PBXSourcesBuildPhase;
			buildActionMask = 2147483647;
			files = (
				A3A1C5A51EEC4D1200CEA687 /* TabViewTestingTests.swift in Sources */,
			);
			runOnlyForDeploymentPostprocessing = 0;
		};
		A3A1C5A71EEC4D1200CEA687 /* Sources */ = {
			isa = PBXSourcesBuildPhase;
			buildActionMask = 2147483647;
			files = (
				A3A1C5B01EEC4D1200CEA687 /* TabViewTestingUITests.swift in Sources */,
			);
			runOnlyForDeploymentPostprocessing = 0;
		};
/* End PBXSourcesBuildPhase section */

/* Begin PBXTargetDependency section */
		A3A1C5A21EEC4D1200CEA687 /* PBXTargetDependency */ = {
			isa = PBXTargetDependency;
			target = A3A1C58B1EEC4D1200CEA687 /* TabViewTesting */;
			targetProxy = A3A1C5A11EEC4D1200CEA687 /* PBXContainerItemProxy */;
		};
		A3A1C5AD1EEC4D1200CEA687 /* PBXTargetDependency */ = {
			isa = PBXTargetDependency;
			target = A3A1C58B1EEC4D1200CEA687 /* TabViewTesting */;
			targetProxy = A3A1C5AC1EEC4D1200CEA687 /* PBXContainerItemProxy */;
		};
/* End PBXTargetDependency section */

/* Begin PBXVariantGroup section */
		A3A1C5931EEC4D1200CEA687 /* Main.storyboard */ = {
			isa = PBXVariantGroup;
			children = (
				A3A1C5941EEC4D1200CEA687 /* Base */,
			);
			name = Main.storyboard;
			sourceTree = "<group>";
		};
		A3A1C5981EEC4D1200CEA687 /* LaunchScreen.storyboard */ = {
			isa = PBXVariantGroup;
			children = (
				A3A1C5991EEC4D1200CEA687 /* Base */,
			);
			name = LaunchScreen.storyboard;
			sourceTree = "<group>";
		};
/* End PBXVariantGroup section */

/* Begin XCBuildConfiguration section */
		A3A1C5B21EEC4D1200CEA687 /* Debug */ = {
			isa = XCBuildConfiguration;
			buildSettings = {
				ALWAYS_SEARCH_USER_PATHS = NO;
				CLANG_ANALYZER_NONNULL = YES;
				CLANG_ANALYZER_NUMBER_OBJECT_CONVERSION = YES_AGGRESSIVE;
				CLANG_CXX_LANGUAGE_STANDARD = "gnu++0x";
				CLANG_CXX_LIBRARY = "libc++";
				CLANG_ENABLE_MODULES = YES;
				CLANG_ENABLE_OBJC_ARC = YES;
				CLANG_WARN_BOOL_CONVERSION = YES;
				CLANG_WARN_CONSTANT_CONVERSION = YES;
				CLANG_WARN_DIRECT_OBJC_ISA_USAGE = YES_ERROR;
				CLANG_WARN_DOCUMENTATION_COMMENTS = YES;
				CLANG_WARN_EMPTY_BODY = YES;
				CLANG_WARN_ENUM_CONVERSION = YES;
				CLANG_WARN_INFINITE_RECURSION = YES;
				CLANG_WARN_INT_CONVERSION = YES;
				CLANG_WARN_OBJC_ROOT_CLASS = YES_ERROR;
				CLANG_WARN_SUSPICIOUS_MOVE = YES;
				CLANG_WARN_UNREACHABLE_CODE = YES;
				CLANG_WARN__DUPLICATE_METHOD_MATCH = YES;
				"CODE_SIGN_IDENTITY[sdk=iphoneos*]" = "iPhone Developer";
				COPY_PHASE_STRIP = NO;
				DEBUG_INFORMATION_FORMAT = dwarf;
				ENABLE_STRICT_OBJC_MSGSEND = YES;
				ENABLE_TESTABILITY = YES;
				GCC_C_LANGUAGE_STANDARD = gnu99;
				GCC_DYNAMIC_NO_PIC = NO;
				GCC_NO_COMMON_BLOCKS = YES;
				GCC_OPTIMIZATION_LEVEL = 0;
				GCC_PREPROCESSOR_DEFINITIONS = (
					"DEBUG=1",
					"$(inherited)",
				);
				GCC_WARN_64_TO_32_BIT_CONVERSION = YES;
				GCC_WARN_ABOUT_RETURN_TYPE = YES_ERROR;
				GCC_WARN_UNDECLARED_SELECTOR = YES;
				GCC_WARN_UNINITIALIZED_AUTOS = YES_AGGRESSIVE;
				GCC_WARN_UNUSED_FUNCTION = YES;
				GCC_WARN_UNUSED_VARIABLE = YES;
				IPHONEOS_DEPLOYMENT_TARGET = 10.3;
				MTL_ENABLE_DEBUG_INFO = YES;
				ONLY_ACTIVE_ARCH = YES;
				SDKROOT = iphoneos;
				SWIFT_ACTIVE_COMPILATION_CONDITIONS = DEBUG;
				SWIFT_OPTIMIZATION_LEVEL = "-Onone";
				TARGETED_DEVICE_FAMILY = "1,2";
			};
			name = Debug;
		};
		A3A1C5B31EEC4D1200CEA687 /* Release */ = {
			isa = XCBuildConfiguration;
			buildSettings = {
				ALWAYS_SEARCH_USER_PATHS = NO;
				CLANG_ANALYZER_NONNULL = YES;
				CLANG_ANALYZER_NUMBER_OBJECT_CONVERSION = YES_AGGRESSIVE;
				CLANG_CXX_LANGUAGE_STANDARD = "gnu++0x";
				CLANG_CXX_LIBRARY = "libc++";
				CLANG_ENABLE_MODULES = YES;
				CLANG_ENABLE_OBJC_ARC = YES;
				CLANG_WARN_BOOL_CONVERSION = YES;
				CLANG_WARN_CONSTANT_CONVERSION = YES;
				CLANG_WARN_DIRECT_OBJC_ISA_USAGE = YES_ERROR;
				CLANG_WARN_DOCUMENTATION_COMMENTS = YES;
				CLANG_WARN_EMPTY_BODY = YES;
				CLANG_WARN_ENUM_CONVERSION = YES;
				CLANG_WARN_INFINITE_RECURSION = YES;
				CLANG_WARN_INT_CONVERSION = YES;
				CLANG_WARN_OBJC_ROOT_CLASS = YES_ERROR;
				CLANG_WARN_SUSPICIOUS_MOVE = YES;
				CLANG_WARN_UNREACHABLE_CODE = YES;
				CLANG_WARN__DUPLICATE_METHOD_MATCH = YES;
				"CODE_SIGN_IDENTITY[sdk=iphoneos*]" = "iPhone Developer";
				COPY_PHASE_STRIP = NO;
				DEBUG_INFORMATION_FORMAT = "dwarf-with-dsym";
				ENABLE_NS_ASSERTIONS = NO;
				ENABLE_STRICT_OBJC_MSGSEND = YES;
				GCC_C_LANGUAGE_STANDARD = gnu99;
				GCC_NO_COMMON_BLOCKS = YES;
				GCC_WARN_64_TO_32_BIT_CONVERSION = YES;
				GCC_WARN_ABOUT_RETURN_TYPE = YES_ERROR;
				GCC_WARN_UNDECLARED_SELECTOR = YES;
				GCC_WARN_UNINITIALIZED_AUTOS = YES_AGGRESSIVE;
				GCC_WARN_UNUSED_FUNCTION = YES;
				GCC_WARN_UNUSED_VARIABLE = YES;
				IPHONEOS_DEPLOYMENT_TARGET = 10.3;
				MTL_ENABLE_DEBUG_INFO = NO;
				SDKROOT = iphoneos;
				SWIFT_OPTIMIZATION_LEVEL = "-Owholemodule";
				TARGETED_DEVICE_FAMILY = "1,2";
				VALIDATE_PRODUCT = YES;
			};
			name = Release;
		};
		A3A1C5B51EEC4D1200CEA687 /* Debug */ = {
			isa = XCBuildConfiguration;
			buildSettings = {
				ASSETCATALOG_COMPILER_APPICON_NAME = AppIcon;
				INFOPLIST_FILE = TabViewTesting/Info.plist;
				LD_RUNPATH_SEARCH_PATHS = "$(inherited) @executable_path/Frameworks";
				PRODUCT_BUNDLE_IDENTIFIER = epicenter.TabViewTesting;
				PRODUCT_NAME = "$(TARGET_NAME)";
				SWIFT_VERSION = 3.0;
			};
			name = Debug;
		};
		A3A1C5B61EEC4D1200CEA687 /* Release */ = {
			isa = XCBuildConfiguration;
			buildSettings = {
				ASSETCATALOG_COMPILER_APPICON_NAME = AppIcon;
				INFOPLIST_FILE = TabViewTesting/Info.plist;
				LD_RUNPATH_SEARCH_PATHS = "$(inherited) @executable_path/Frameworks";
				PRODUCT_BUNDLE_IDENTIFIER = epicenter.TabViewTesting;
				PRODUCT_NAME = "$(TARGET_NAME)";
				SWIFT_VERSION = 3.0;
			};
			name = Release;
		};
		A3A1C5B81EEC4D1200CEA687 /* Debug */ = {
			isa = XCBuildConfiguration;
			buildSettings = {
				ALWAYS_EMBED_SWIFT_STANDARD_LIBRARIES = YES;
				BUNDLE_LOADER = "$(TEST_HOST)";
				INFOPLIST_FILE = TabViewTestingTests/Info.plist;
				LD_RUNPATH_SEARCH_PATHS = "$(inherited) @executable_path/Frameworks @loader_path/Frameworks";
				PRODUCT_BUNDLE_IDENTIFIER = epicenter.TabViewTestingTests;
				PRODUCT_NAME = "$(TARGET_NAME)";
				SWIFT_VERSION = 3.0;
				TEST_HOST = "$(BUILT_PRODUCTS_DIR)/TabViewTesting.app/TabViewTesting";
			};
			name = Debug;
		};
		A3A1C5B91EEC4D1200CEA687 /* Release */ = {
			isa = XCBuildConfiguration;
			buildSettings = {
				ALWAYS_EMBED_SWIFT_STANDARD_LIBRARIES = YES;
				BUNDLE_LOADER = "$(TEST_HOST)";
				INFOPLIST_FILE = TabViewTestingTests/Info.plist;
				LD_RUNPATH_SEARCH_PATHS = "$(inherited) @executable_path/Frameworks @loader_path/Frameworks";
				PRODUCT_BUNDLE_IDENTIFIER = epicenter.TabViewTestingTests;
				PRODUCT_NAME = "$(TARGET_NAME)";
				SWIFT_VERSION = 3.0;
				TEST_HOST = "$(BUILT_PRODUCTS_DIR)/TabViewTesting.app/TabViewTesting";
			};
			name = Release;
		};
		A3A1C5BB1EEC4D1200CEA687 /* Debug */ = {
			isa = XCBuildConfiguration;
			buildSettings = {
				ALWAYS_EMBED_SWIFT_STANDARD_LIBRARIES = YES;
				INFOPLIST_FILE = TabViewTestingUITests/Info.plist;
				LD_RUNPATH_SEARCH_PATHS = "$(inherited) @executable_path/Frameworks @loader_path/Frameworks";
				PRODUCT_BUNDLE_IDENTIFIER = epicenter.TabViewTestingUITests;
				PRODUCT_NAME = "$(TARGET_NAME)";
				SWIFT_VERSION = 3.0;
				TEST_TARGET_NAME = TabViewTesting;
			};
			name = Debug;
		};
		A3A1C5BC1EEC4D1200CEA687 /* Release */ = {
			isa = XCBuildConfiguration;
			buildSettings = {
				ALWAYS_EMBED_SWIFT_STANDARD_LIBRARIES = YES;
				INFOPLIST_FILE = TabViewTestingUITests/Info.plist;
				LD_RUNPATH_SEARCH_PATHS = "$(inherited) @executable_path/Frameworks @loader_path/Frameworks";
				PRODUCT_BUNDLE_IDENTIFIER = epicenter.TabViewTestingUITests;
				PRODUCT_NAME = "$(TARGET_NAME)";
				SWIFT_VERSION = 3.0;
				TEST_TARGET_NAME = TabViewTesting;
			};
			name = Release;
		};
/* End XCBuildConfiguration section */

/* Begin XCConfigurationList section */
		A3A1C5871EEC4D1200CEA687 /* Build configuration list for PBXProject "TabViewTesting" */ = {
			isa = XCConfigurationList;
			buildConfigurations = (
				A3A1C5B21EEC4D1200CEA687 /* Debug */,
				A3A1C5B31EEC4D1200CEA687 /* Release */,
			);
			defaultConfigurationIsVisible = 0;
			defaultConfigurationName = Release;
		};
		A3A1C5B41EEC4D1200CEA687 /* Build configuration list for PBXNativeTarget "TabViewTesting" */ = {
			isa = XCConfigurationList;
			buildConfigurations = (
				A3A1C5B51EEC4D1200CEA687 /* Debug */,
				A3A1C5B61EEC4D1200CEA687 /* Release */,
			);
			defaultConfigurationIsVisible = 0;
		};
		A3A1C5B71EEC4D1200CEA687 /* Build configuration list for PBXNativeTarget "TabViewTestingTests" */ = {
			isa = XCConfigurationList;
			buildConfigurations = (
				A3A1C5B81EEC4D1200CEA687 /* Debug */,
				A3A1C5B91EEC4D1200CEA687 /* Release */,
			);
			defaultConfigurationIsVisible = 0;
		};
		A3A1C5BA1EEC4D1200CEA687 /* Build configuration list for PBXNativeTarget "TabViewTestingUITests" */ = {
			isa = XCConfigurationList;
			buildConfigurations = (
				A3A1C5BB1EEC4D1200CEA687 /* Debug */,
				A3A1C5BC1EEC4D1200CEA687 /* Release */,
			);
			defaultConfigurationIsVisible = 0;
		};
/* End XCConfigurationList section */
	};
	rootObject = A3A1C5841EEC4D1200CEA687 /* Project object */;
}
